
Microsoft Visual Studio Solution File, Format Version 12.00
# Visual Studio 2013
VisualStudioVersion = 12.0.30723.0
MinimumVisualStudioVersion = 10.0.40219.1
Project("{2150E333-8FDC-42A3-9474-1A3956D46DE8}") = ".paket", ".paket", "{B400BF7F-8DEF-4DB1-894A-EF706E7ACC18}"
	ProjectSection(SolutionItems) = preProject
		..\..\paket.dependencies = ..\..\paket.dependencies
	EndProjectSection
EndProject
Project("{F2A71F9B-5D33-465A-A702-920D77279786}") = "Titanic", "Titanic.fsproj", "{4AB9C2B0-3157-4C86-AC9B-19F3660DD8EC}"
EndProject
Global
	GlobalSection(SolutionConfigurationPlatforms) = preSolution
		Debug|Any CPU = Debug|Any CPU
		Release|Any CPU = Release|Any CPU
	EndGlobalSection
	GlobalSection(ProjectConfigurationPlatforms) = postSolution
		{4AB9C2B0-3157-4C86-AC9B-19F3660DD8EC}.Debug|Any CPU.ActiveCfg = Debug|Any CPU
		{4AB9C2B0-3157-4C86-AC9B-19F3660DD8EC}.Debug|Any CPU.Build.0 = Debug|Any CPU
		{4AB9C2B0-3157-4C86-AC9B-19F3660DD8EC}.Release|Any CPU.ActiveCfg = Release|Any CPU
		{4AB9C2B0-3157-4C86-AC9B-19F3660DD8EC}.Release|Any CPU.Build.0 = Release|Any CPU
	EndGlobalSection
	GlobalSection(SolutionProperties) = preSolution
		HideSolutionNode = FALSE
	EndGlobalSection
EndGlobal
