
Microsoft Visual Studio Solution File, Format Version 12.00
# Visual Studio 2013
VisualStudioVersion = 12.0.30110.0
MinimumVisualStudioVersion = 10.0.40219.1
Project("{2150E333-8FDC-42A3-9474-1A3956D46DE8}") = ".paket", ".paket", "{0FAAB175-3B56-4147-B7BF-3415C91D5D58}"
	ProjectSection(SolutionItems) = preProject
		..\..\paket.dependencies = ..\..\paket.dependencies
	EndProjectSection
EndProject
Project("{F2A71F9B-5D33-465A-A702-920D77279786}") = "DataExploration", "DataExploration\DataExploration.fsproj", "{EB3F9294-EA8F-4089-8E43-749362C536D7}"
EndProject
Global
	GlobalSection(SolutionConfigurationPlatforms) = preSolution
		Debug|Any CPU = Debug|Any CPU
		Release|Any CPU = Release|Any CPU
	EndGlobalSection
	GlobalSection(ProjectConfigurationPlatforms) = postSolution
		{EB3F9294-EA8F-4089-8E43-749362C536D7}.Debug|Any CPU.ActiveCfg = Debug|Any CPU
		{EB3F9294-EA8F-4089-8E43-749362C536D7}.Debug|Any CPU.Build.0 = Debug|Any CPU
		{EB3F9294-EA8F-4089-8E43-749362C536D7}.Release|Any CPU.ActiveCfg = Release|Any CPU
		{EB3F9294-EA8F-4089-8E43-749362C536D7}.Release|Any CPU.Build.0 = Release|Any CPU
	EndGlobalSection
	GlobalSection(SolutionProperties) = preSolution
		HideSolutionNode = FALSE
	EndGlobalSection
EndGlobal
