
Microsoft Visual Studio Solution File, Format Version 12.00
# Visual Studio 2013
VisualStudioVersion = 12.0.31101.0
MinimumVisualStudioVersion = 10.0.40219.1
Project("{2150E333-8FDC-42A3-9474-1A3956D46DE8}") = ".paket", ".paket", "{AEB3F86D-0067-46C3-B6F7-7E123A0F9BC4}"
	ProjectSection(SolutionItems) = preProject
		..\..\paket.dependencies = ..\..\paket.dependencies
	EndProjectSection
EndProject
Project("{F2A71F9B-5D33-465A-A702-920D77279786}") = "Digits-Revisited", "Digits-Revisited\Digits-Revisited.fsproj", "{31E891CF-6AB1-4AF4-A876-4B5E4200E288}"
EndProject
Global
	GlobalSection(SolutionConfigurationPlatforms) = preSolution
		Debug|Any CPU = Debug|Any CPU
		Release|Any CPU = Release|Any CPU
	EndGlobalSection
	GlobalSection(ProjectConfigurationPlatforms) = postSolution
		{31E891CF-6AB1-4AF4-A876-4B5E4200E288}.Debug|Any CPU.ActiveCfg = Debug|Any CPU
		{31E891CF-6AB1-4AF4-A876-4B5E4200E288}.Debug|Any CPU.Build.0 = Debug|Any CPU
		{31E891CF-6AB1-4AF4-A876-4B5E4200E288}.Release|Any CPU.ActiveCfg = Release|Any CPU
		{31E891CF-6AB1-4AF4-A876-4B5E4200E288}.Release|Any CPU.Build.0 = Release|Any CPU
	EndGlobalSection
	GlobalSection(SolutionProperties) = preSolution
		HideSolutionNode = FALSE
	EndGlobalSection
EndGlobal
